
Microsoft Visual Studio Solution File, Format Version 12.00
# Visual Studio 2013
VisualStudioVersion = 12.0.21005.1
MinimumVisualStudioVersion = 10.0.40219.1
Project("{FAE04EC0-301F-11D3-BF4B-00C04F79EFBC}") = "CP-MathHub", "CP-MathHub\CP-MathHub.csproj", "{393C51A4-ADDF-4FBD-B620-9497899EF8C6}"
EndProject
Project("{FAE04EC0-301F-11D3-BF4B-00C04F79EFBC}") = "CP-MathHub.Tests", "CP-MathHub.Tests\CP-MathHub.Tests.csproj", "{2FA40F43-E35F-42E3-A81E-D35D96D4CF9C}"
EndProject
Project("{F088123C-0E9E-452A-89E6-6BA2F21D5CAC}") = "Modeling", "Modeling\Modeling.modelproj", "{CC9F2739-77A5-4711-B505-80A88C7C65D6}"
EndProject
Project("{FAE04EC0-301F-11D3-BF4B-00C04F79EFBC}") = "CP-MathHub.Entity", "CP-MathHub.Entity\CP-MathHub.Entity.csproj", "{624FEB1E-5186-465D-A4E7-4455310D23E8}"
EndProject
Project("{FAE04EC0-301F-11D3-BF4B-00C04F79EFBC}") = "CP_MathHub.Core", "CP_MathHub.Core\CP_MathHub.Core.csproj", "{70C73197-90AF-4372-9C0C-6117A8DD74AC}"
EndProject
Project("{FAE04EC0-301F-11D3-BF4B-00C04F79EFBC}") = "CP_MathHub.Framework", "CP_MathHub.Framework\CP_MathHub.Framework.csproj", "{21EAD0D3-CFE2-4D86-AC47-66BD197FF6F3}"
EndProject
Project("{FAE04EC0-301F-11D3-BF4B-00C04F79EFBC}") = "CP_MathHub.Service", "CP_MathHub.Service\CP_MathHub.Service.csproj", "{B20C4CC4-DD7A-4C8F-A3A6-B13C950A021E}"
EndProject
Project("{FAE04EC0-301F-11D3-BF4B-00C04F79EFBC}") = "CP_MathHub.DAL", "CP_MathHub.DAL\CP_MathHub.DAL.csproj", "{60C2FE4E-184B-408C-93DF-78A7D2423B07}"
EndProject
Global
	GlobalSection(SolutionConfigurationPlatforms) = preSolution
		Debug|Any CPU = Debug|Any CPU
		Release|Any CPU = Release|Any CPU
	EndGlobalSection
	GlobalSection(ProjectConfigurationPlatforms) = postSolution
		{393C51A4-ADDF-4FBD-B620-9497899EF8C6}.Debug|Any CPU.ActiveCfg = Debug|Any CPU
		{393C51A4-ADDF-4FBD-B620-9497899EF8C6}.Debug|Any CPU.Build.0 = Debug|Any CPU
		{393C51A4-ADDF-4FBD-B620-9497899EF8C6}.Release|Any CPU.ActiveCfg = Release|Any CPU
		{393C51A4-ADDF-4FBD-B620-9497899EF8C6}.Release|Any CPU.Build.0 = Release|Any CPU
		{2FA40F43-E35F-42E3-A81E-D35D96D4CF9C}.Debug|Any CPU.ActiveCfg = Debug|Any CPU
		{2FA40F43-E35F-42E3-A81E-D35D96D4CF9C}.Debug|Any CPU.Build.0 = Debug|Any CPU
		{2FA40F43-E35F-42E3-A81E-D35D96D4CF9C}.Release|Any CPU.ActiveCfg = Release|Any CPU
		{2FA40F43-E35F-42E3-A81E-D35D96D4CF9C}.Release|Any CPU.Build.0 = Release|Any CPU
		{CC9F2739-77A5-4711-B505-80A88C7C65D6}.Debug|Any CPU.ActiveCfg = Debug|Any CPU
		{CC9F2739-77A5-4711-B505-80A88C7C65D6}.Debug|Any CPU.Build.0 = Debug|Any CPU
		{CC9F2739-77A5-4711-B505-80A88C7C65D6}.Release|Any CPU.ActiveCfg = Release|Any CPU
		{CC9F2739-77A5-4711-B505-80A88C7C65D6}.Release|Any CPU.Build.0 = Release|Any CPU
		{624FEB1E-5186-465D-A4E7-4455310D23E8}.Debug|Any CPU.ActiveCfg = Debug|Any CPU
		{624FEB1E-5186-465D-A4E7-4455310D23E8}.Debug|Any CPU.Build.0 = Debug|Any CPU
		{624FEB1E-5186-465D-A4E7-4455310D23E8}.Release|Any CPU.ActiveCfg = Release|Any CPU
		{624FEB1E-5186-465D-A4E7-4455310D23E8}.Release|Any CPU.Build.0 = Release|Any CPU
		{70C73197-90AF-4372-9C0C-6117A8DD74AC}.Debug|Any CPU.ActiveCfg = Debug|Any CPU
		{70C73197-90AF-4372-9C0C-6117A8DD74AC}.Debug|Any CPU.Build.0 = Debug|Any CPU
		{70C73197-90AF-4372-9C0C-6117A8DD74AC}.Release|Any CPU.ActiveCfg = Release|Any CPU
		{70C73197-90AF-4372-9C0C-6117A8DD74AC}.Release|Any CPU.Build.0 = Release|Any CPU
		{21EAD0D3-CFE2-4D86-AC47-66BD197FF6F3}.Debug|Any CPU.ActiveCfg = Debug|Any CPU
		{21EAD0D3-CFE2-4D86-AC47-66BD197FF6F3}.Debug|Any CPU.Build.0 = Debug|Any CPU
		{21EAD0D3-CFE2-4D86-AC47-66BD197FF6F3}.Release|Any CPU.ActiveCfg = Release|Any CPU
		{21EAD0D3-CFE2-4D86-AC47-66BD197FF6F3}.Release|Any CPU.Build.0 = Release|Any CPU
		{B20C4CC4-DD7A-4C8F-A3A6-B13C950A021E}.Debug|Any CPU.ActiveCfg = Debug|Any CPU
		{B20C4CC4-DD7A-4C8F-A3A6-B13C950A021E}.Debug|Any CPU.Build.0 = Debug|Any CPU
		{B20C4CC4-DD7A-4C8F-A3A6-B13C950A021E}.Release|Any CPU.ActiveCfg = Release|Any CPU
		{B20C4CC4-DD7A-4C8F-A3A6-B13C950A021E}.Release|Any CPU.Build.0 = Release|Any CPU
		{60C2FE4E-184B-408C-93DF-78A7D2423B07}.Debug|Any CPU.ActiveCfg = Debug|Any CPU
		{60C2FE4E-184B-408C-93DF-78A7D2423B07}.Debug|Any CPU.Build.0 = Debug|Any CPU
		{60C2FE4E-184B-408C-93DF-78A7D2423B07}.Release|Any CPU.ActiveCfg = Release|Any CPU
		{60C2FE4E-184B-408C-93DF-78A7D2423B07}.Release|Any CPU.Build.0 = Release|Any CPU
	EndGlobalSection
	GlobalSection(SolutionProperties) = preSolution
		HideSolutionNode = FALSE
	EndGlobalSection
EndGlobal
